
Microsoft Visual Studio Solution File, Format Version 12.00
# Visual Studio Version 17
VisualStudioVersion = 17.5.002.0
MinimumVisualStudioVersion = 10.0.40219.1
Project("{9A19103F-16F7-4668-BE54-9A1E7A4F7556}") = "CasaCue.Tests", "CasaCue.Tests.csproj", "{7ADD8CEF-00C3-4438-A5B0-5A97ED7194BE}"
EndProject
Global
	GlobalSection(SolutionConfigurationPlatforms) = preSolution
		Debug|Any CPU = Debug|Any CPU
		Release|Any CPU = Release|Any CPU
	EndGlobalSection
	GlobalSection(ProjectConfigurationPlatforms) = postSolution
		{7ADD8CEF-00C3-4438-A5B0-5A97ED7194BE}.Debug|Any CPU.ActiveCfg = Debug|Any CPU
		{7ADD8CEF-00C3-4438-A5B0-5A97ED7194BE}.Debug|Any CPU.Build.0 = Debug|Any CPU
		{7ADD8CEF-00C3-4438-A5B0-5A97ED7194BE}.Release|Any CPU.ActiveCfg = Release|Any CPU
		{7ADD8CEF-00C3-4438-A5B0-5A97ED7194BE}.Release|Any CPU.Build.0 = Release|Any CPU
	EndGlobalSection
	GlobalSection(SolutionProperties) = preSolution
		HideSolutionNode = FALSE
	EndGlobalSection
	GlobalSection(ExtensibilityGlobals) = postSolution
		SolutionGuid = {AD1012EF-87EA-4197-96C8-89C75735322E}
	EndGlobalSection
EndGlobal
